
Microsoft Visual Studio Solution File, Format Version 12.00
# Visual Studio Version 18
VisualStudioVersion = 18.3.11218.70 d18.3
MinimumVisualStudioVersion = 10.0.40219.1
Project("{FAE04EC0-301F-11D3-BF4B-00C04F79EFBC}") = "Common", "Common\Common.csproj", "{07D4169E-84F1-41EB-A24D-62021F832A1A}"
EndProject
Project("{FAE04EC0-301F-11D3-BF4B-00C04F79EFBC}") = "PCSX2 Memory Explorer", "PCSX2 Memory Explorer\PCSX2 Memory Explorer.csproj", "{560CA91D-89AB-459D-BC93-970838C1E872}"
EndProject
Project("{FAE04EC0-301F-11D3-BF4B-00C04F79EFBC}") = "Games", "Games\Games.csproj", "{A1B2C3D4-E5F6-7A8B-9C0D-1E2F3A4B5C6D}"
EndProject
Global
	GlobalSection(SolutionConfigurationPlatforms) = preSolution
		Debug|Any CPU = Debug|Any CPU
		Debug|x64 = Debug|x64
		Debug|x86 = Debug|x86
		Release|Any CPU = Release|Any CPU
		Release|x64 = Release|x64
		Release|x86 = Release|x86
	EndGlobalSection
	GlobalSection(ProjectConfigurationPlatforms) = postSolution
		{07D4169E-84F1-41EB-A24D-62021F832A1A}.Debug|Any CPU.ActiveCfg = Debug|Any CPU
		{07D4169E-84F1-41EB-A24D-62021F832A1A}.Debug|Any CPU.Build.0 = Debug|Any CPU
		{07D4169E-84F1-41EB-A24D-62021F832A1A}.Debug|x64.ActiveCfg = Debug|Any CPU
		{07D4169E-84F1-41EB-A24D-62021F832A1A}.Debug|x64.Build.0 = Debug|Any CPU
		{07D4169E-84F1-41EB-A24D-62021F832A1A}.Debug|x86.ActiveCfg = Debug|Any CPU
		{07D4169E-84F1-41EB-A24D-62021F832A1A}.Debug|x86.Build.0 = Debug|Any CPU
		{07D4169E-84F1-41EB-A24D-62021F832A1A}.Release|Any CPU.ActiveCfg = Release|Any CPU
		{07D4169E-84F1-41EB-A24D-62021F832A1A}.Release|Any CPU.Build.0 = Release|Any CPU
		{07D4169E-84F1-41EB-A24D-62021F832A1A}.Release|x64.ActiveCfg = Release|Any CPU
		{07D4169E-84F1-41EB-A24D-62021F832A1A}.Release|x64.Build.0 = Release|Any CPU
		{07D4169E-84F1-41EB-A24D-62021F832A1A}.Release|x86.ActiveCfg = Release|Any CPU
		{07D4169E-84F1-41EB-A24D-62021F832A1A}.Release|x86.Build.0 = Release|Any CPU
		{560CA91D-89AB-459D-BC93-970838C1E872}.Debug|Any CPU.ActiveCfg = Debug|Any CPU
		{560CA91D-89AB-459D-BC93-970838C1E872}.Debug|Any CPU.Build.0 = Debug|Any CPU
		{560CA91D-89AB-459D-BC93-970838C1E872}.Debug|x64.ActiveCfg = Debug|Any CPU
		{560CA91D-89AB-459D-BC93-970838C1E872}.Debug|x64.Build.0 = Debug|Any CPU
		{560CA91D-89AB-459D-BC93-970838C1E872}.Debug|x86.ActiveCfg = Debug|Any CPU
		{560CA91D-89AB-459D-BC93-970838C1E872}.Debug|x86.Build.0 = Debug|Any CPU
		{560CA91D-89AB-459D-BC93-970838C1E872}.Release|Any CPU.ActiveCfg = Release|Any CPU
		{560CA91D-89AB-459D-BC93-970838C1E872}.Release|Any CPU.Build.0 = Release|Any CPU
		{560CA91D-89AB-459D-BC93-970838C1E872}.Release|x64.ActiveCfg = Release|Any CPU
		{560CA91D-89AB-459D-BC93-970838C1E872}.Release|x64.Build.0 = Release|Any CPU
		{560CA91D-89AB-459D-BC93-970838C1E872}.Release|x86.ActiveCfg = Release|Any CPU
		{560CA91D-89AB-459D-BC93-970838C1E872}.Release|x86.Build.0 = Release|Any CPU
		{A1B2C3D4-E5F6-7A8B-9C0D-1E2F3A4B5C6D}.Debug|Any CPU.ActiveCfg = Debug|Any CPU
		{A1B2C3D4-E5F6-7A8B-9C0D-1E2F3A4B5C6D}.Debug|Any CPU.Build.0 = Debug|Any CPU
		{A1B2C3D4-E5F6-7A8B-9C0D-1E2F3A4B5C6D}.Debug|x64.ActiveCfg = Debug|Any CPU
		{A1B2C3D4-E5F6-7A8B-9C0D-1E2F3A4B5C6D}.Debug|x64.Build.0 = Debug|Any CPU
		{A1B2C3D4-E5F6-7A8B-9C0D-1E2F3A4B5C6D}.Debug|x86.ActiveCfg = Debug|Any CPU
		{A1B2C3D4-E5F6-7A8B-9C0D-1E2F3A4B5C6D}.Debug|x86.Build.0 = Debug|Any CPU
		{A1B2C3D4-E5F6-7A8B-9C0D-1E2F3A4B5C6D}.Release|Any CPU.ActiveCfg = Release|Any CPU
		{A1B2C3D4-E5F6-7A8B-9C0D-1E2F3A4B5C6D}.Release|Any CPU.Build.0 = Release|Any CPU
		{A1B2C3D4-E5F6-7A8B-9C0D-1E2F3A4B5C6D}.Release|x64.ActiveCfg = Release|Any CPU
		{A1B2C3D4-E5F6-7A8B-9C0D-1E2F3A4B5C6D}.Release|x64.Build.0 = Release|Any CPU
		{A1B2C3D4-E5F6-7A8B-9C0D-1E2F3A4B5C6D}.Release|x86.ActiveCfg = Release|Any CPU
		{A1B2C3D4-E5F6-7A8B-9C0D-1E2F3A4B5C6D}.Release|x86.Build.0 = Release|Any CPU
	EndGlobalSection
	GlobalSection(SolutionProperties) = preSolution
		HideSolutionNode = FALSE
	EndGlobalSection
	GlobalSection(ExtensibilityGlobals) = postSolution
		SolutionGuid = {44D3D69B-B4CC-43C5-B822-08FC99C32025}
	EndGlobalSection
EndGlobal
